{
  "name": "@sandstack/neuron-slices",
  "version": "0.0.0-alpha.0",
  "lockfileVersion": 3,
  "requires": true,
  "packages": {
    "": {
      "name": "@sandstack/neuron-slices",
      "version": "0.0.0-alpha.0",
      "license": "MIT",
      "dependencies": {
        "@sandstack/neuron": "^0.0.0-alpha.47"
      }
    },
    "node_modules/@sandstack/neuron": {
      "version": "0.0.0-alpha.47",
      "resolved": "https://registry.npmjs.org/@sandstack/neuron/-/neuron-0.0.0-alpha.47.tgz",
      "integrity": "sha512-g8PCpkKj6S1QIs+txkHu6opzXlvRBcfWpkgnPJAmztCjziWObSOT5M58/UAkadPjoDIi2975iREslTfIOl3W9Q=="
    }
  }
}
