{
  "name": "@sandstack/neuron-react",
  "version": "0.0.0-alpha.0",
  "lockfileVersion": 3,
  "requires": true,
  "packages": {
    "": {
      "name": "@sandstack/neuron-react",
      "version": "0.0.0-alpha.0",
      "license": "MIT",
      "dependencies": {
        "@sandstack/neuron": "^0.0.0-alpha.52",
        "@sandstack/neuron-slices": "^0.0.0-alpha.0"
      }
    },
    "node_modules/@sandstack/neuron": {
      "version": "0.0.0-alpha.52",
      "resolved": "https://registry.npmjs.org/@sandstack/neuron/-/neuron-0.0.0-alpha.52.tgz",
      "integrity": "sha512-7lwDyiCplLdPJlI/OdO8zJpyPwc7kCZoGj+y2tCQZlGZSRYXgZ0zNoWihN7m9+YXfeHUw1KFqWHg3vAeQaeOCQ=="
    },
    "node_modules/@sandstack/neuron-slices": {
      "version": "0.0.0-alpha.0",
      "resolved": "https://registry.npmjs.org/@sandstack/neuron-slices/-/neuron-slices-0.0.0-alpha.0.tgz",
      "integrity": "sha512-eCK/SjJd2r12XxbxilL3ClL27MhK3WG4vvHnjEi2Idu64lyBI6aiMqfczGQHyFhAz8fhTk1+1foYz4/tchmXcg==",
      "dependencies": {
        "@sandstack/neuron": "^0.0.0-alpha.47"
      }
    }
  }
}
